[root]
name = "fxsm-test"
version = "0.1.0"
dependencies = [
 "fxsm 0.1.0",
 "fxsm-derive 0.1.0",
]

[[package]]
name = "fxsm"
version = "0.1.0"
dependencies = [
 "quote 0.3.13 (registry+https://github.com/rust-lang/crates.io-index)",
 "syn 0.11.6 (registry+https://github.com/rust-lang/crates.io-index)",
]

[[package]]
name = "fxsm-derive"
version = "0.1.0"
dependencies = [
 "fxsm 0.1.0",
 "quote 0.3.13 (registry+https://github.com/rust-lang/crates.io-index)",
 "syn 0.11.6 (registry+https://github.com/rust-lang/crates.io-index)",
]

[[package]]
name = "quote"
version = "0.3.13"
source = "registry+https://github.com/rust-lang/crates.io-index"

[[package]]
name = "syn"
version = "0.11.6"
source = "registry+https://github.com/rust-lang/crates.io-index"
dependencies = [
 "quote 0.3.13 (registry+https://github.com/rust-lang/crates.io-index)",
 "synom 0.11.0 (registry+https://github.com/rust-lang/crates.io-index)",
 "unicode-xid 0.0.4 (registry+https://github.com/rust-lang/crates.io-index)",
]

[[package]]
name = "synom"
version = "0.11.0"
source = "registry+https://github.com/rust-lang/crates.io-index"
dependencies = [
 "unicode-xid 0.0.4 (registry+https://github.com/rust-lang/crates.io-index)",
]

[[package]]
name = "unicode-xid"
version = "0.0.4"
source = "registry+https://github.com/rust-lang/crates.io-index"

[metadata]
"checksum quote 0.3.13 (registry+https://github.com/rust-lang/crates.io-index)" = "08de3f12e670f83f61e450443cbae34496a35b665691fd8e99b24ec662f75865"
"checksum syn 0.11.6 (registry+https://github.com/rust-lang/crates.io-index)" = "0e28da8d02d75d1e58b89258e0741128f0b0d8a8309fb5c627be0fbd37a76c67"
"checksum synom 0.11.0 (registry+https://github.com/rust-lang/crates.io-index)" = "8fece1853fb872b0acdc3ff88f37c474018e125ef81cd4cb8c0ca515746b62ed"
"checksum unicode-xid 0.0.4 (registry+https://github.com/rust-lang/crates.io-index)" = "8c1f860d7d29cf02cb2f3f359fd35991af3d30bac52c57d265a3c461074cb4dc"
